{
  "object": {
    "pins": [
      {
        "package": "AWSiOSSDKV2",
        "repositoryURL": "https://github.com/aws-amplify/aws-sdk-ios-spm.git",
        "state": {
          "branch": null,
          "revision": "8ff8bebfe24271f7b16c5abaeb78daf82bee3a80",
          "version": "2.34.2"
        }
      }
    ]
  },
  "version": 1
}
